
Microsoft Visual Studio Solution File, Format Version 12.00
# Visual Studio Version 18
VisualStudioVersion = 18.6.11806.211 stable
MinimumVisualStudioVersion = 10.0.40219.1
Project("{FAE04EC0-301F-11D3-BF4B-00C04F79EFBC}") = "Green.ConsoleApp", "Green.ConsoleApp\Green.ConsoleApp.csproj", "{0C3C7020-3816-69B9-9596-1A6D032C6E48}"
EndProject
Global
	GlobalSection(SolutionConfigurationPlatforms) = preSolution
		Debug|Any CPU = Debug|Any CPU
		Release|Any CPU = Release|Any CPU
	EndGlobalSection
	GlobalSection(ProjectConfigurationPlatforms) = postSolution
		{0C3C7020-3816-69B9-9596-1A6D032C6E48}.Debug|Any CPU.ActiveCfg = Debug|Any CPU
		{0C3C7020-3816-69B9-9596-1A6D032C6E48}.Debug|Any CPU.Build.0 = Debug|Any CPU
		{0C3C7020-3816-69B9-9596-1A6D032C6E48}.Release|Any CPU.ActiveCfg = Release|Any CPU
		{0C3C7020-3816-69B9-9596-1A6D032C6E48}.Release|Any CPU.Build.0 = Release|Any CPU
	EndGlobalSection
	GlobalSection(SolutionProperties) = preSolution
		HideSolutionNode = FALSE
	EndGlobalSection
	GlobalSection(ExtensibilityGlobals) = postSolution
		SolutionGuid = {F0F2F8E3-CFC8-40D5-A3D8-52044F6CD341}
	EndGlobalSection
EndGlobal
