
Microsoft Visual Studio Solution File, Format Version 12.00
# Visual Studio Version 17
VisualStudioVersion = 17.7.33808.371
MinimumVisualStudioVersion = 10.0.40219.1
Project("{FAE04EC0-301F-11D3-BF4B-00C04F79EFBC}") = "Green", "Green.csproj", "{052EDD29-605E-462D-BBEB-09FF66182E92}"
EndProject
Global
	GlobalSection(SolutionConfigurationPlatforms) = preSolution
		Debug|Any CPU = Debug|Any CPU
		Release|Any CPU = Release|Any CPU
	EndGlobalSection
	GlobalSection(ProjectConfigurationPlatforms) = postSolution
		{052EDD29-605E-462D-BBEB-09FF66182E92}.Debug|Any CPU.ActiveCfg = Debug|Any CPU
		{052EDD29-605E-462D-BBEB-09FF66182E92}.Debug|Any CPU.Build.0 = Debug|Any CPU
		{052EDD29-605E-462D-BBEB-09FF66182E92}.Release|Any CPU.ActiveCfg = Release|Any CPU
		{052EDD29-605E-462D-BBEB-09FF66182E92}.Release|Any CPU.Build.0 = Release|Any CPU
	EndGlobalSection
	GlobalSection(SolutionProperties) = preSolution
		HideSolutionNode = FALSE
	EndGlobalSection
	GlobalSection(ExtensibilityGlobals) = postSolution
		SolutionGuid = {93A06B71-FCF1-4275-A10C-C8168D1BD8AD}
	EndGlobalSection
EndGlobal
